
Microsoft Visual Studio Solution File, Format Version 12.00
# Visual Studio Version 16
VisualStudioVersion = 16.0.30717.126
MinimumVisualStudioVersion = 10.0.40219.1
Project("{9A19103F-16F7-4668-BE54-9A1E7A4F7556}") = "Biblioteca.WebApi", "Biblioteca.WebApi\Biblioteca.WebApi.csproj", "{A08BAF19-1E1E-4F89-B16C-2B91F1E303AE}"
EndProject
Global
	GlobalSection(SolutionConfigurationPlatforms) = preSolution
		Debug|Any CPU = Debug|Any CPU
		Release|Any CPU = Release|Any CPU
	EndGlobalSection
	GlobalSection(ProjectConfigurationPlatforms) = postSolution
		{A08BAF19-1E1E-4F89-B16C-2B91F1E303AE}.Debug|Any CPU.ActiveCfg = Debug|Any CPU
		{A08BAF19-1E1E-4F89-B16C-2B91F1E303AE}.Debug|Any CPU.Build.0 = Debug|Any CPU
		{A08BAF19-1E1E-4F89-B16C-2B91F1E303AE}.Release|Any CPU.ActiveCfg = Release|Any CPU
		{A08BAF19-1E1E-4F89-B16C-2B91F1E303AE}.Release|Any CPU.Build.0 = Release|Any CPU
	EndGlobalSection
	GlobalSection(SolutionProperties) = preSolution
		HideSolutionNode = FALSE
	EndGlobalSection
	GlobalSection(ExtensibilityGlobals) = postSolution
		SolutionGuid = {41F236AA-CBD5-4140-977E-2EF55AA3C886}
	EndGlobalSection
EndGlobal
